# Generated by `knowledge lock`. Pins packages for reproducible agent work.
lockfile: 1
repo: local-intelligence-fabric
packages:
  agent-workflows:
    version: 1.0.0
    hash: sha256:f81f782dcb3fc625824e88bd2fc2ac957a1669daceb066ca7864b930a07ab4dd
    types:
      artifact: 1
      attempt: 1
      change: 1
      experiment: 1
      result: 1
      session: 1
      task: 1
    skills:
      end-of-work-capture: 1
      session-resume: 1
    tools: []
  ai-infrastructure-core:
    version: 1.0.0
    hash: sha256:066e2c00ce025f276d2e6f92f4b268246918db45b6daa4c89b50b1219dbd72a0
    types:
      benchmark: 1
      deployment: 1
      host: 1
      model: 1
      runtime: 1
      service: 1
    skills:
      analyze-failure: 1
      benchmark-model: 1
      deploy-service: 1
      review-change: 1
    tools:
    - assemble_context
    - change_impact
    - checkpoint_session
    - create_object
    - why_decision
  gpu-operations:
    version: 1.0.0
    hash: sha256:96b676211fd146713ec11517e102556ceaaa39ee2683503eafb504868d936bbd
    types:
      resource-reservation: 1
    skills:
      gpu-admission-check: 1
    tools: []
  incident-response:
    version: 1.0.0
    hash: sha256:4d05ffbc4e3977deca3f4c4c3cdbe9a77cf31954257a1a7db9a11e07f605fd47
    types:
      incident: 1
    skills:
      incident-review: 1
    tools:
    - change_impact
    - create_object
    - get_object
    - record_review
    - update_object
  knowledge-governance:
    version: 1.0.0
    hash: sha256:9663d4fdce04aa7e3f54bddfddc70ef7d60d2afd0393ac0bf7a558a98f45a34c
    types:
      assumption: 1
      claim: 1
      decision: 1
      event: 1
      evidence: 1
      grounding: 1
      lesson: 1
      method: 1
      question: 1
      review: 1
      risk: 1
      skill: 1
      source: 1
    skills:
      semantic-review: 1
    tools: []
  kubernetes-operations:
    version: 1.0.0
    hash: sha256:fa5259442f55cb00a5380ea29a2d1f910944f60e85a8e376f429caad2f9fe7d7
    types:
      cluster: 1
      namespace: 1
    skills: {}
    tools: []
  model-evaluation:
    version: 1.0.0
    hash: sha256:6646844bbd036a2143f9eab5244ec0af75a22ee778ada142eb6d755e4bfb8757
    types: {}
    skills:
      compare-models: 1
      evaluate-candidate: 1
      prepare-canary: 1
    tools: []
  model-lifecycle:
    version: 1.0.0
    hash: sha256:95088c0d0fc14499d6d0b5106626a0307087605c424493d6dad398b1130a355d
    types: {}
    skills: {}
    tools: []
